
Microsoft Visual Studio Solution File, Format Version 12.00
# Visual Studio Version 17
VisualStudioVersion = 17.11.35303.130
MinimumVisualStudioVersion = 10.0.40219.1
Project("{FAE04EC0-301F-11D3-BF4B-00C04F79EFBC}") = "Lab2.DataAccess", "Lab2.DataAccess\Lab2.DataAccess.csproj", "{6B73EB04-BDF0-4601-A524-EA3EA8BC3B9E}"
EndProject
Global
	GlobalSection(SolutionConfigurationPlatforms) = preSolution
		Debug|Any CPU = Debug|Any CPU
		Release|Any CPU = Release|Any CPU
	EndGlobalSection
	GlobalSection(ProjectConfigurationPlatforms) = postSolution
		{6B73EB04-BDF0-4601-A524-EA3EA8BC3B9E}.Debug|Any CPU.ActiveCfg = Debug|Any CPU
		{6B73EB04-BDF0-4601-A524-EA3EA8BC3B9E}.Debug|Any CPU.Build.0 = Debug|Any CPU
		{6B73EB04-BDF0-4601-A524-EA3EA8BC3B9E}.Release|Any CPU.ActiveCfg = Release|Any CPU
		{6B73EB04-BDF0-4601-A524-EA3EA8BC3B9E}.Release|Any CPU.Build.0 = Release|Any CPU
	EndGlobalSection
	GlobalSection(SolutionProperties) = preSolution
		HideSolutionNode = FALSE
	EndGlobalSection
	GlobalSection(ExtensibilityGlobals) = postSolution
		SolutionGuid = {5BB9C6EF-5724-4AA1-A604-BE060BD21146}
	EndGlobalSection
EndGlobal
